{
  "version": "3",
  "redirects": {
    "https://deno.land/std/path/mod.ts": "https://deno.land/std@0.208.0/path/mod.ts",
    "https://esm.sh/rxjs": "https://esm.sh/rxjs@7.8.1"
  },
  "remote": {
    "https://deno.land/std@0.208.0/assert/assert.ts": "9a97dad6d98c238938e7540736b826440ad8c1c1e54430ca4c4e623e585607ee",
    "https://deno.land/std@0.208.0/assert/assertion_error.ts": "4d0bde9b374dfbcbe8ac23f54f567b77024fb67dbb1906a852d67fe050d42f56",
    "https://deno.land/std@0.208.0/bytes/concat.ts": "d3d420badeb4f26a0f2f3ce343725f937326aff1b4634b25341b12b27353aac4",
    "https://deno.land/std@0.208.0/bytes/copy.ts": "939d89e302a9761dcf1d9c937c7711174ed74c59eef40a1e4569a05c9de88219",
    "https://deno.land/std@0.208.0/io/buf_reader.ts": "6356a6851fad96d56a9b9d4e63ccdae7fe9e4e70b98cc01af9d8b20aa9f6a63a",
    "https://deno.land/std@0.208.0/io/buf_writer.ts": "599247add52c1f42c3674366d5783a25c69ceb7277b0694cc854d49f5710e77f",
    "https://deno.land/std@0.208.0/io/buffer.ts": "11acaeae3dc0e491a335d82915e09e9f8afd53ecb82562515e5951e78f69b076",
    "https://deno.land/std@0.208.0/io/copy_n.ts": "1f531c28b68f085a868c8e61a665c6c9bc29eac13be89eef6d85081325a092da",
    "https://deno.land/std@0.208.0/io/limited_reader.ts": "b0e04fc1367a54f41be2c5fd1146d90f7da3744e666ad2ef7390793326ec7d69",
    "https://deno.land/std@0.208.0/io/mod.ts": "61c2100d3eac23f0574cffb74257069a8308cf5183342d8c344fcf307e1d5b8c",
    "https://deno.land/std@0.208.0/io/multi_reader.ts": "c04de5a5eb64f49a72f5a1fc60f0e8863bc174493146cf5cc9396cf55d6d8b08",
    "https://deno.land/std@0.208.0/io/read_delim.ts": "6164e3a25f8d41daf6565bc7c915a573d8dc45bfb367bf6530b5a8f701f0a178",
    "https://deno.land/std@0.208.0/io/read_int.ts": "4e96b319f9b82b066c04e13f9f14ad4460bcaf367454844f6395b51820f5b74f",
    "https://deno.land/std@0.208.0/io/read_lines.ts": "532d9fcbc8fdd57b874cedf07ae81a9b33c8509eddf40f642cbdc61a31c408f3",
    "https://deno.land/std@0.208.0/io/read_long.ts": "b24d81075cd69660ad789948a8413c04038b007890f69418fd3d96dfc5609903",
    "https://deno.land/std@0.208.0/io/read_range.ts": "366d2682f09560d861de6e84e388af41dc66e2b445ca56c222e55204736cbbf8",
    "https://deno.land/std@0.208.0/io/read_short.ts": "a2dd615728dbb5cf4a16e23ef12a0d208bd36ceff8dc062a34e0cd2140538f53",
    "https://deno.land/std@0.208.0/io/read_string_delim.ts": "620a6b4a2e82a7ede54b550e21233b461d14faa2f37b875280185c75b7956964",
    "https://deno.land/std@0.208.0/io/slice_long_to_bytes.ts": "bb5aa0d705422b05cfe7c1d4b55716f3c143a30e3014212ee89c4cd23e146467",
    "https://deno.land/std@0.208.0/io/string_reader.ts": "3751befe5e8b23fd7a3f87f96d771b61c92e4f52e8e046dc5834007869f84fa4",
    "https://deno.land/std@0.208.0/io/string_writer.ts": "3af97bb28947bc60f5674c2e45a89b5f29c1c7c969c2f2452c8f89ab2f37ef4c",
    "https://deno.land/std@0.208.0/path/_common/assert_path.ts": "061e4d093d4ba5aebceb2c4da3318bfe3289e868570e9d3a8e327d91c2958946",
    "https://deno.land/std@0.208.0/path/_common/basename.ts": "0d978ff818f339cd3b1d09dc914881f4d15617432ae519c1b8fdc09ff8d3789a",
    "https://deno.land/std@0.208.0/path/_common/common.ts": "9e4233b2eeb50f8b2ae10ecc2108f58583aea6fd3e8907827020282dc2b76143",
    "https://deno.land/std@0.208.0/path/_common/constants.ts": "e49961f6f4f48039c0dfed3c3f93e963ca3d92791c9d478ac5b43183413136e0",
    "https://deno.land/std@0.208.0/path/_common/dirname.ts": "2ba7fb4cc9fafb0f38028f434179579ce61d4d9e51296fad22b701c3d3cd7397",
    "https://deno.land/std@0.208.0/path/_common/format.ts": "11aa62e316dfbf22c126917f5e03ea5fe2ee707386555a8f513d27ad5756cf96",
    "https://deno.land/std@0.208.0/path/_common/from_file_url.ts": "ef1bf3197d2efbf0297a2bdbf3a61d804b18f2bcce45548ae112313ec5be3c22",
    "https://deno.land/std@0.208.0/path/_common/glob_to_reg_exp.ts": "5c3c2b79fc2294ec803d102bd9855c451c150021f452046312819fbb6d4dc156",
    "https://deno.land/std@0.208.0/path/_common/normalize.ts": "2ba7fb4cc9fafb0f38028f434179579ce61d4d9e51296fad22b701c3d3cd7397",
    "https://deno.land/std@0.208.0/path/_common/normalize_string.ts": "88c472f28ae49525f9fe82de8c8816d93442d46a30d6bb5063b07ff8a89ff589",
    "https://deno.land/std@0.208.0/path/_common/relative.ts": "1af19d787a2a84b8c534cc487424fe101f614982ae4851382c978ab2216186b4",
    "https://deno.land/std@0.208.0/path/_common/strip_trailing_separators.ts": "7ffc7c287e97bdeeee31b155828686967f222cd73f9e5780bfe7dfb1b58c6c65",
    "https://deno.land/std@0.208.0/path/_common/to_file_url.ts": "a8cdd1633bc9175b7eebd3613266d7c0b6ae0fb0cff24120b6092ac31662f9ae",
    "https://deno.land/std@0.208.0/path/_interface.ts": "6471159dfbbc357e03882c2266d21ef9afdb1e4aa771b0545e90db58a0ba314b",
    "https://deno.land/std@0.208.0/path/_os.ts": "30b0c2875f360c9296dbe6b7f2d528f0f9c741cecad2e97f803f5219e91b40a2",
    "https://deno.land/std@0.208.0/path/basename.ts": "04bb5ef3e86bba8a35603b8f3b69537112cdd19ce64b77f2522006da2977a5f3",
    "https://deno.land/std@0.208.0/path/common.ts": "f4d061c7d0b95a65c2a1a52439edec393e906b40f1caf4604c389fae7caa80f5",
    "https://deno.land/std@0.208.0/path/dirname.ts": "88a0a71c21debafc4da7a4cd44fd32e899462df458fbca152390887d41c40361",
    "https://deno.land/std@0.208.0/path/extname.ts": "2da4e2490f3b48b7121d19fb4c91681a5e11bd6bd99df4f6f47d7a71bb6ecdf2",
    "https://deno.land/std@0.208.0/path/format.ts": "3457530cc85d1b4bab175f9ae73998b34fd456c830d01883169af0681b8894fb",
    "https://deno.land/std@0.208.0/path/from_file_url.ts": "e7fa233ea1dff9641e8d566153a24d95010110185a6f418dd2e32320926043f8",
    "https://deno.land/std@0.208.0/path/glob_to_regexp.ts": "74d7448c471e293d03f05ccb968df4365fed6aaa508506b6325a8efdc01d8271",
    "https://deno.land/std@0.208.0/path/is_absolute.ts": "67232b41b860571c5b7537f4954c88d86ae2ba45e883ee37d3dec27b74909d13",
    "https://deno.land/std@0.208.0/path/is_glob.ts": "567dce5c6656bdedfc6b3ee6c0833e1e4db2b8dff6e62148e94a917f289c06ad",
    "https://deno.land/std@0.208.0/path/join.ts": "98d3d76c819af4a11a81d5ba2dbb319f1ce9d63fc2b615597d4bcfddd4a89a09",
    "https://deno.land/std@0.208.0/path/join_globs.ts": "9b84d5103b63d3dbed4b2cf8b12477b2ad415c7d343f1488505162dc0e5f4db8",
    "https://deno.land/std@0.208.0/path/mod.ts": "3defabebc98279e62b392fee7a6937adc932a8f4dcd2471441e36c15b97b00e0",
    "https://deno.land/std@0.208.0/path/normalize.ts": "aa95be9a92c7bd4f9dc0ba51e942a1973e2b93d266cd74f5ca751c136d520b66",
    "https://deno.land/std@0.208.0/path/normalize_glob.ts": "674baa82e1c00b6cb153bbca36e06f8e0337cb8062db6d905ab5de16076ca46b",
    "https://deno.land/std@0.208.0/path/parse.ts": "d87ff0deef3fb495bc0d862278ff96da5a06acf0625ca27769fc52ac0d3d6ece",
    "https://deno.land/std@0.208.0/path/posix/_util.ts": "ecf49560fedd7dd376c6156cc5565cad97c1abe9824f4417adebc7acc36c93e5",
    "https://deno.land/std@0.208.0/path/posix/basename.ts": "a630aeb8fd8e27356b1823b9dedd505e30085015407caa3396332752f6b8406a",
    "https://deno.land/std@0.208.0/path/posix/common.ts": "e781d395dc76f6282e3f7dd8de13194abb8b04a82d109593141abc6e95755c8b",
    "https://deno.land/std@0.208.0/path/posix/dirname.ts": "f48c9c42cc670803b505478b7ef162c7cfa9d8e751b59d278b2ec59470531472",
    "https://deno.land/std@0.208.0/path/posix/extname.ts": "ee7f6571a9c0a37f9218fbf510c440d1685a7c13082c348d701396cc795e0be0",
    "https://deno.land/std@0.208.0/path/posix/format.ts": "b94876f77e61bfe1f147d5ccb46a920636cd3cef8be43df330f0052b03875968",
    "https://deno.land/std@0.208.0/path/posix/from_file_url.ts": "b97287a83e6407ac27bdf3ab621db3fccbf1c27df0a1b1f20e1e1b5acf38a379",
    "https://deno.land/std@0.208.0/path/posix/glob_to_regexp.ts": "6ed00c71fbfe0ccc35977c35444f94e82200b721905a60bd1278b1b768d68b1a",
    "https://deno.land/std@0.208.0/path/posix/is_absolute.ts": "159900a3422d11069d48395568217eb7fc105ceda2683d03d9b7c0f0769e01b8",
    "https://deno.land/std@0.208.0/path/posix/is_glob.ts": "ec4fbc604b9db8487f7b56ab0e759b24a971ab6a45f7b0b698bc39b8b9f9680f",
    "https://deno.land/std@0.208.0/path/posix/join.ts": "0c0d84bdc344876930126640011ec1b888e6facf74153ffad9ef26813aa2a076",
    "https://deno.land/std@0.208.0/path/posix/join_globs.ts": "f4838d54b1f60a34a40625a3293f6e583135348be1b2974341ac04743cb26121",
    "https://deno.land/std@0.208.0/path/posix/mod.ts": "f1b08a7f64294b7de87fc37190d63b6ce5b02889af9290c9703afe01951360ae",
    "https://deno.land/std@0.208.0/path/posix/normalize.ts": "11de90a94ab7148cc46e5a288f7d732aade1d616bc8c862f5560fa18ff987b4b",
    "https://deno.land/std@0.208.0/path/posix/normalize_glob.ts": "10a1840c628ebbab679254d5fa1c20e59106102354fb648a1765aed72eb9f3f9",
    "https://deno.land/std@0.208.0/path/posix/parse.ts": "199208f373dd93a792e9c585352bfc73a6293411bed6da6d3bc4f4ef90b04c8e",
    "https://deno.land/std@0.208.0/path/posix/relative.ts": "e2f230608b0f083e6deaa06e063943e5accb3320c28aef8d87528fbb7fe6504c",
    "https://deno.land/std@0.208.0/path/posix/resolve.ts": "51579d83159d5c719518c9ae50812a63959bbcb7561d79acbdb2c3682236e285",
    "https://deno.land/std@0.208.0/path/posix/separator.ts": "0b6573b5f3269a3164d8edc9cefc33a02dd51003731c561008c8bb60220ebac1",
    "https://deno.land/std@0.208.0/path/posix/to_file_url.ts": "08d43ea839ee75e9b8b1538376cfe95911070a655cd312bc9a00f88ef14967b6",
    "https://deno.land/std@0.208.0/path/posix/to_namespaced_path.ts": "c9228a0e74fd37e76622cd7b142b8416663a9b87db643302fa0926b5a5c83bdc",
    "https://deno.land/std@0.208.0/path/relative.ts": "23d45ede8b7ac464a8299663a43488aad6b561414e7cbbe4790775590db6349c",
    "https://deno.land/std@0.208.0/path/resolve.ts": "5b184efc87155a0af9fa305ff68a109e28de9aee81fc3e77cd01380f19daf867",
    "https://deno.land/std@0.208.0/path/separator.ts": "40a3e9a4ad10bef23bc2cd6c610291b6c502a06237c2c4cd034a15ca78dedc1f",
    "https://deno.land/std@0.208.0/path/to_file_url.ts": "edaafa089e0bce386e1b2d47afe7c72e379ff93b28a5829a5885e4b6c626d864",
    "https://deno.land/std@0.208.0/path/to_namespaced_path.ts": "cf8734848aac3c7527d1689d2adf82132b1618eff3cc523a775068847416b22a",
    "https://deno.land/std@0.208.0/path/windows/_util.ts": "f32b9444554c8863b9b4814025c700492a2b57ff2369d015360970a1b1099d54",
    "https://deno.land/std@0.208.0/path/windows/basename.ts": "8a9dbf7353d50afbc5b221af36c02a72c2d1b2b5b9f7c65bf6a5a2a0baf88ad3",
    "https://deno.land/std@0.208.0/path/windows/common.ts": "e781d395dc76f6282e3f7dd8de13194abb8b04a82d109593141abc6e95755c8b",
    "https://deno.land/std@0.208.0/path/windows/dirname.ts": "5c2aa541384bf0bd9aca821275d2a8690e8238fa846198ef5c7515ce31a01a94",
    "https://deno.land/std@0.208.0/path/windows/extname.ts": "07f4fa1b40d06a827446b3e3bcc8d619c5546b079b8ed0c77040bbef716c7614",
    "https://deno.land/std@0.208.0/path/windows/format.ts": "343019130d78f172a5c49fdc7e64686a7faf41553268961e7b6c92a6d6548edf",
    "https://deno.land/std@0.208.0/path/windows/from_file_url.ts": "d53335c12b0725893d768be3ac6bf0112cc5b639d2deb0171b35988493b46199",
    "https://deno.land/std@0.208.0/path/windows/glob_to_regexp.ts": "290755e18ec6c1a4f4d711c3390537358e8e3179581e66261a0cf348b1a13395",
    "https://deno.land/std@0.208.0/path/windows/is_absolute.ts": "245b56b5f355ede8664bd7f080c910a97e2169972d23075554ae14d73722c53c",
    "https://deno.land/std@0.208.0/path/windows/is_glob.ts": "ec4fbc604b9db8487f7b56ab0e759b24a971ab6a45f7b0b698bc39b8b9f9680f",
    "https://deno.land/std@0.208.0/path/windows/join.ts": "e6600bf88edeeef4e2276e155b8de1d5dec0435fd526ba2dc4d37986b2882f16",
    "https://deno.land/std@0.208.0/path/windows/join_globs.ts": "f4838d54b1f60a34a40625a3293f6e583135348be1b2974341ac04743cb26121",
    "https://deno.land/std@0.208.0/path/windows/mod.ts": "d7040f461465c2c21c1c68fc988ef0bdddd499912138cde3abf6ad60c7fb3814",
    "https://deno.land/std@0.208.0/path/windows/normalize.ts": "9deebbf40c81ef540b7b945d4ccd7a6a2c5a5992f791e6d3377043031e164e69",
    "https://deno.land/std@0.208.0/path/windows/normalize_glob.ts": "344ff5ed45430495b9a3d695567291e50e00b1b3b04ea56712a2acf07ab5c128",
    "https://deno.land/std@0.208.0/path/windows/parse.ts": "120faf778fe1f22056f33ded069b68e12447668fcfa19540c0129561428d3ae5",
    "https://deno.land/std@0.208.0/path/windows/relative.ts": "026855cd2c36c8f28f1df3c6fbd8f2449a2aa21f48797a74700c5d872b86d649",
    "https://deno.land/std@0.208.0/path/windows/resolve.ts": "5ff441ab18a2346abadf778121128ee71bda4d0898513d4639a6ca04edca366b",
    "https://deno.land/std@0.208.0/path/windows/separator.ts": "ae21f27015f10510ed1ac4a0ba9c4c9c967cbdd9d9e776a3e4967553c397bd5d",
    "https://deno.land/std@0.208.0/path/windows/to_file_url.ts": "8e9ea9e1ff364aa06fa72999204229952d0a279dbb876b7b838b2b2fea55cce3",
    "https://deno.land/std@0.208.0/path/windows/to_namespaced_path.ts": "e0f4d4a5e77f28a5708c1a33ff24360f35637ba6d8f103d19661255ef7bfd50d",
    "https://esm.sh/rxjs@7.8.1": "a520d0bc63b553cdd4805856b3049c344a942d65a82efc84f7116f4ec50f9e49",
    "https://esm.sh/v124/rxjs@7.8.1/deno/internal/AsyncSubject.js": "fa8686c14956e6c45e5153523c876d2cdedc988d6f13b71684182c3043f4ad55",
    "https://esm.sh/v124/rxjs@7.8.1/deno/internal/BehaviorSubject.js": "ebeee9f815b7aad4d0d43451809d61bd3bdff4dd09caa45a4fd7d0fec24b6b51",
    "https://esm.sh/v124/rxjs@7.8.1/deno/internal/Notification.js": "9d1438f9218b2682e13093afdc2d73e5d0ca5f4faab96865ca2e19fb65e9045c",
    "https://esm.sh/v124/rxjs@7.8.1/deno/internal/NotificationFactories.js": "3dc2010f31927afcb40b8d0aa50fae30b454a26109db99bfe1c2b3368f0a285d",
    "https://esm.sh/v124/rxjs@7.8.1/deno/internal/Observable.js": "bb8593937cbffea91bc3289f559fb18319c994704378400cd676399ede42508a",
    "https://esm.sh/v124/rxjs@7.8.1/deno/internal/ReplaySubject.js": "a6e763a0598c5db9643083b444219f865053d7f5ba9045d2159473f947d2041e",
    "https://esm.sh/v124/rxjs@7.8.1/deno/internal/Scheduler.js": "3e4a5626a1cd8444854d170fa2f86672a85d4a219d104ce6f50e525857eb8697",
    "https://esm.sh/v124/rxjs@7.8.1/deno/internal/Subject.js": "9aa504116890b87a92bfa3a7191d42bfb9257222f73bad2c18f4e9b645a2ed14",
    "https://esm.sh/v124/rxjs@7.8.1/deno/internal/Subscriber.js": "0190d98b507cbf3f16bb93e0d1d75325b259208aafc052f1b74072ed094632a3",
    "https://esm.sh/v124/rxjs@7.8.1/deno/internal/Subscription.js": "03dfe2ae254e96c6d2c7a3c505a0852d3ec8cd649889c21c26db21e3c8e97e22",
    "https://esm.sh/v124/rxjs@7.8.1/deno/internal/config.js": "f29798301d713b9a63011e740848be1f71ef3d948c675a3e6fae2fdb69b77e20",
    "https://esm.sh/v124/rxjs@7.8.1/deno/internal/firstValueFrom.js": "493b8b569fd418c6652993327516c650fe9bde301b8975b076884d11e09f5d16",
    "https://esm.sh/v124/rxjs@7.8.1/deno/internal/lastValueFrom.js": "08c9cd98115e56e265e57da62dda152b6ec262d09bb031206cc9643d4afdd4ec",
    "https://esm.sh/v124/rxjs@7.8.1/deno/internal/observable/ConnectableObservable.js": "fe60788474808780c6e707d5d2446e45bf17233a17a020cf8ad437faf40b21d3",
    "https://esm.sh/v124/rxjs@7.8.1/deno/internal/observable/bindCallback.js": "f9560c077304c1db7f88a4ddeeaa8454fa3a4467526078e84c3453407af0b2d6",
    "https://esm.sh/v124/rxjs@7.8.1/deno/internal/observable/bindCallbackInternals.js": "736e84fa1f1d3e99264cf6c12e107e4a5e6fe9f269b166e08412649b455af305",
    "https://esm.sh/v124/rxjs@7.8.1/deno/internal/observable/bindNodeCallback.js": "33ff9232e1d6dbb5bed50563c99af9e22bce36eadadece13fedb0da2c28453a4",
    "https://esm.sh/v124/rxjs@7.8.1/deno/internal/observable/combineLatest.js": "792ed5a2b0f0164d0fe44ddaca7dcfda9aa384fbcb81bb746fa8172517e7cdfd",
    "https://esm.sh/v124/rxjs@7.8.1/deno/internal/observable/concat.js": "008d519e2cdc4308ff80536f6a7b13b2374c1cf93dd6caddb9bc57e3c7b5a190",
    "https://esm.sh/v124/rxjs@7.8.1/deno/internal/observable/connectable.js": "9ab8fc4729c668255333356ede40a68fd9e025d160fd1ec8447fd123af074a83",
    "https://esm.sh/v124/rxjs@7.8.1/deno/internal/observable/defer.js": "82e5224826e366b5d78b3e943d1b4beb07260b59381da04c396154aa148f9bde",
    "https://esm.sh/v124/rxjs@7.8.1/deno/internal/observable/dom/animationFrames.js": "8da5fef1d74b8fb7f56f3792edfc6e17ad6312500ae5f8fad0a6f95c3d549c37",
    "https://esm.sh/v124/rxjs@7.8.1/deno/internal/observable/empty.js": "4bc379a80de72a10dbde383573c2abbd0506dd3e351154cd3ff6a0873a1711b0",
    "https://esm.sh/v124/rxjs@7.8.1/deno/internal/observable/forkJoin.js": "8622a1d074e95cda85ec77bf6ee178738f85b962667bf76de82bb5b8a75b85e6",
    "https://esm.sh/v124/rxjs@7.8.1/deno/internal/observable/from.js": "e0e4bc7b147e1a9ef0501b9baae71210bf40237de7114f8dc1cdcac9577b8b03",
    "https://esm.sh/v124/rxjs@7.8.1/deno/internal/observable/fromEvent.js": "de28143ad744a685a7bbdd6dc2f38d7cd7ccd19980f1c4bf8497e3d0396100fa",
    "https://esm.sh/v124/rxjs@7.8.1/deno/internal/observable/fromEventPattern.js": "f549ce0be6e691c9ccc9d7993d5a87ef8e4ff7015492e74503a59a9457d6c983",
    "https://esm.sh/v124/rxjs@7.8.1/deno/internal/observable/fromSubscribable.js": "a49e1f2ba0480a09801e81ea0fc00f52f4d5f1fa1541591f2a6b30a806cf4359",
    "https://esm.sh/v124/rxjs@7.8.1/deno/internal/observable/generate.js": "6b7ca9cd53bc2980111dd4f19ac25c4c95d3042758b6166bd7623d6646f79188",
    "https://esm.sh/v124/rxjs@7.8.1/deno/internal/observable/iif.js": "b90de3c6ca339bf05644e749b613d8e653eaf1ad8ce77aff9a5a52e6de01237f",
    "https://esm.sh/v124/rxjs@7.8.1/deno/internal/observable/innerFrom.js": "c4ee5a44c880277914d88dce2e51d8968d149000f6493676fea43ea21b19bd0c",
    "https://esm.sh/v124/rxjs@7.8.1/deno/internal/observable/interval.js": "09c4790d3466b249bfaf25c23b0c6acaf2a6df6899cfcdf941cdaeea9fc5edd3",
    "https://esm.sh/v124/rxjs@7.8.1/deno/internal/observable/merge.js": "eabfb2376eb160b85b66890a4f1ba49826027355f6e7fc8b1add0464c44686cb",
    "https://esm.sh/v124/rxjs@7.8.1/deno/internal/observable/never.js": "a572da72b56c1e87eba2284c3524d0e92c656aad1d27bc5189fc097babd9f0f7",
    "https://esm.sh/v124/rxjs@7.8.1/deno/internal/observable/of.js": "bf32bf63e8cd35de6424e32f4be9bac695a5e04e476011e389ad96e40267be8c",
    "https://esm.sh/v124/rxjs@7.8.1/deno/internal/observable/onErrorResumeNext.js": "0ab20b8688ca5b5c387f5b767db0510cc7bb2934ce8c59e4e733f66435fd1a2f",
    "https://esm.sh/v124/rxjs@7.8.1/deno/internal/observable/pairs.js": "238d6d1501d9209a68fa9b61d3047bf71812a0edc3fea911cef92e99aed02418",
    "https://esm.sh/v124/rxjs@7.8.1/deno/internal/observable/partition.js": "be65771b0aefa3c6c73f9d167b705c63f33959d765b721d1e11082f4b60dcbc6",
    "https://esm.sh/v124/rxjs@7.8.1/deno/internal/observable/race.js": "acb379665f6c07ca99340cd74cd776f8f5ef0e46f9fd444a5cd1379708e7436e",
    "https://esm.sh/v124/rxjs@7.8.1/deno/internal/observable/range.js": "1d80cbaba5bdad7d01ee51b903c67013aafd87c10d1709e950f07fff99b18b79",
    "https://esm.sh/v124/rxjs@7.8.1/deno/internal/observable/throwError.js": "59e8e9fdcbb6d8400c82bbc63b5c0c780cfaa3339a1a94293a1b8f0eeb974c84",
    "https://esm.sh/v124/rxjs@7.8.1/deno/internal/observable/timer.js": "4f164c418c4a2b74e2e7d1e41edf55b59b0de65371c00900e565759dd4470789",
    "https://esm.sh/v124/rxjs@7.8.1/deno/internal/observable/using.js": "f91aa4149d43eb1f1dff5da828464a0fc7b76eda96da6bdc14c804b2b7fd5713",
    "https://esm.sh/v124/rxjs@7.8.1/deno/internal/observable/zip.js": "6450ac75b2e4d8af8fbc50e2d9b1a6879542f45a7642943471d228f27a521129",
    "https://esm.sh/v124/rxjs@7.8.1/deno/internal/operators/OperatorSubscriber.js": "477cfbd47a5fadf5a43ec2dfd57439931f88d843f6ff709fc856ea601dabeff9",
    "https://esm.sh/v124/rxjs@7.8.1/deno/internal/operators/audit.js": "c00ea83ac122a1bc817dab27787c07110c5f658543e99769b2dd44fc4bdc7fb0",
    "https://esm.sh/v124/rxjs@7.8.1/deno/internal/operators/auditTime.js": "9a2ffeb1525571952153e661274d6b0f8043c5591ac9dd969cadc17d344456cb",
    "https://esm.sh/v124/rxjs@7.8.1/deno/internal/operators/buffer.js": "c5fe655a623da0a2582f8b9b88ded0a9f9fc6849a8e85a1ba74b029683aded31",
    "https://esm.sh/v124/rxjs@7.8.1/deno/internal/operators/bufferCount.js": "96a83cd5da812155870ded2a76890490f37ef9fdefd50a821ce70c979172c669",
    "https://esm.sh/v124/rxjs@7.8.1/deno/internal/operators/bufferTime.js": "cf533898d40b3079d430e9d9cd5ca5fe252d950b69b709d823aa917e4545ba88",
    "https://esm.sh/v124/rxjs@7.8.1/deno/internal/operators/bufferToggle.js": "3d5514d6d0ffdf0249a8cbc84065ba00841146c687f9c4848bfe99c6d5f4c99a",
    "https://esm.sh/v124/rxjs@7.8.1/deno/internal/operators/bufferWhen.js": "6a6d318c2b51b728599c38d30e487f0f915b649ab34745ae3d8cfdd1e6ea0a5f",
    "https://esm.sh/v124/rxjs@7.8.1/deno/internal/operators/catchError.js": "e62131ac7e8f94e2210e9c8ac583005e9396cb5131d4e9a0bf13fb6f0f6e2b94",
    "https://esm.sh/v124/rxjs@7.8.1/deno/internal/operators/combineAll.js": "32614a648f1ab241af84db60f8b6b7f8886a994cb4ca46a4b050d1c0cc5901e2",
    "https://esm.sh/v124/rxjs@7.8.1/deno/internal/operators/combineLatest.js": "88e12c53320ba5feedc6a62b14881ac240b9780ad76480250bf782ee1c280f74",
    "https://esm.sh/v124/rxjs@7.8.1/deno/internal/operators/combineLatestAll.js": "ca03b78f657a25ee515d5cef0f63642c020bd976b32913f446058a1c46e644c7",
    "https://esm.sh/v124/rxjs@7.8.1/deno/internal/operators/combineLatestWith.js": "23a570b78fe0b156f2020cadcc978ddad371fb7d7d83d5e9182327680e9a3cd2",
    "https://esm.sh/v124/rxjs@7.8.1/deno/internal/operators/concat.js": "2e339cbe8b365dd3be042063860b8249ff7f422935ce747b74c9c94836dec083",
    "https://esm.sh/v124/rxjs@7.8.1/deno/internal/operators/concatAll.js": "4213f5e357f05a77135ee80424f0b8ecea07db1ddd49395aaa9126d1a5484ed7",
    "https://esm.sh/v124/rxjs@7.8.1/deno/internal/operators/concatMap.js": "015d69f249eb54aa3b35188928a6a048e607fe7cdaa19bfa98d38fb8bcd7ff73",
    "https://esm.sh/v124/rxjs@7.8.1/deno/internal/operators/concatMapTo.js": "ac1cf9cc57dd27f0ce8a1c89b5ebb889df9195b2d28dce7134c876faa0c3bade",
    "https://esm.sh/v124/rxjs@7.8.1/deno/internal/operators/concatWith.js": "c2de6f37929f957c1301cddf416d7fafd705d1bf720587559d9d4c1e5a62363c",
    "https://esm.sh/v124/rxjs@7.8.1/deno/internal/operators/connect.js": "979ebe0c0608effd3525e6eafc4332fd1c45c074217753c61dd40b6bbcfe07ab",
    "https://esm.sh/v124/rxjs@7.8.1/deno/internal/operators/count.js": "85d485981e113350570b91b8b91bfe82f74bcf3a6d7e95d6891dd7ef4277c3b3",
    "https://esm.sh/v124/rxjs@7.8.1/deno/internal/operators/debounce.js": "df4352d8291825d3e2c008580def3dfa192fd2ee6a685b20a4ceb5dacccae78b",
    "https://esm.sh/v124/rxjs@7.8.1/deno/internal/operators/debounceTime.js": "b4873f64c82ba8c1a71fdf086c27cd5541ac55f21f935e88388e12ddc54cb25a",
    "https://esm.sh/v124/rxjs@7.8.1/deno/internal/operators/defaultIfEmpty.js": "f55d41ec1c7ca7d50f7d11dc0b831fc87e87bbabf5f22060320f73119e14714b",
    "https://esm.sh/v124/rxjs@7.8.1/deno/internal/operators/delay.js": "107a842592aeaafa661555c876dd94cec6fdf52cb96991a135cc2cd7406d8c1c",
    "https://esm.sh/v124/rxjs@7.8.1/deno/internal/operators/delayWhen.js": "f82efb8645bfa436b15e0fa7cd442cc8352730ba166fb555e96f979cea85ee1b",
    "https://esm.sh/v124/rxjs@7.8.1/deno/internal/operators/dematerialize.js": "357e7e3157f71f3f42acdbc33522bdc35e6dd7f5890588ceb1a1d1303b87b13d",
    "https://esm.sh/v124/rxjs@7.8.1/deno/internal/operators/distinct.js": "c0ee66849b14f37dfd0f025172411bb8110331f669b61577a3d8c24afd9bd1f2",
    "https://esm.sh/v124/rxjs@7.8.1/deno/internal/operators/distinctUntilChanged.js": "74d1874a3c17140c30c5648bd4896ca4c2ebb7151bb70bf023e3760e7be3fda6",
    "https://esm.sh/v124/rxjs@7.8.1/deno/internal/operators/distinctUntilKeyChanged.js": "149bfc00c5c2c5675218fdae5ef0bbe252fe0722d67e5aacf560c7c8931b621d",
    "https://esm.sh/v124/rxjs@7.8.1/deno/internal/operators/elementAt.js": "0af1ab1cb0287665ce0d596216401b431195900be28d50386fab6f43c4360e07",
    "https://esm.sh/v124/rxjs@7.8.1/deno/internal/operators/endWith.js": "dab61d861283a08ccd3aa464205c0281da2165b606cb2400ab3695900c6b8972",
    "https://esm.sh/v124/rxjs@7.8.1/deno/internal/operators/every.js": "68175a8d7cbd13c9410773791fd518261944bf267960a6dea4cbf1312c1626b1",
    "https://esm.sh/v124/rxjs@7.8.1/deno/internal/operators/exhaust.js": "33871185151b86828fab3ecd4c761294c7ac223d2da5aa290e1177b6b8f66c71",
    "https://esm.sh/v124/rxjs@7.8.1/deno/internal/operators/exhaustAll.js": "8f2fb89fb6088ce24a0dbb58a6cc1250032155beded5d905d37b81fb7dc3703a",
    "https://esm.sh/v124/rxjs@7.8.1/deno/internal/operators/exhaustMap.js": "00c5f54b6a7f46ac2dcbea4ca1076ac2148ae662ca5c3584c435397b206b7054",
    "https://esm.sh/v124/rxjs@7.8.1/deno/internal/operators/expand.js": "e9bcfbbd0b5bd1bb8f8256da865ae879a40f9c4b19e6f3de34f115f4f0108b6b",
    "https://esm.sh/v124/rxjs@7.8.1/deno/internal/operators/filter.js": "6a7c2bae3a2a37373577ed37b3d159b9c2e1d1e0f61bb5c3147c5b75e54fdacc",
    "https://esm.sh/v124/rxjs@7.8.1/deno/internal/operators/finalize.js": "9e7c29b8006449bb0c64a25207d17b0c5ad348abdc192d2f0d4856e72604e1c7",
    "https://esm.sh/v124/rxjs@7.8.1/deno/internal/operators/find.js": "aea6fc250ea318b302b5ddb6e0918e61d76f633ac89800572681e588c3a35c2c",
    "https://esm.sh/v124/rxjs@7.8.1/deno/internal/operators/findIndex.js": "2984ef3d5435aca43d79c6bc6fcd4489a98f4181c1769511cb9ecdbb9041f092",
    "https://esm.sh/v124/rxjs@7.8.1/deno/internal/operators/first.js": "cb05d3660f109133850ea6734aa914c844c4ed4be650658238fa17841fd81385",
    "https://esm.sh/v124/rxjs@7.8.1/deno/internal/operators/flatMap.js": "bc6bc5526bf51a7085c38fbae821c47223e4bcbc2b4e7f5902551317d60ece48",
    "https://esm.sh/v124/rxjs@7.8.1/deno/internal/operators/groupBy.js": "286151443a52e096ad3488f46f8f52a77c216de58266be63d63bb162e99562fc",
    "https://esm.sh/v124/rxjs@7.8.1/deno/internal/operators/ignoreElements.js": "d6c97be4f2b029c6a029fcbcb1dce5190dbbe61ab1c89b959a256e33965c3dc6",
    "https://esm.sh/v124/rxjs@7.8.1/deno/internal/operators/isEmpty.js": "0a42c5546e730a14e29d9b14ac656104bab15424f1444bfb57b740500bcfc1e4",
    "https://esm.sh/v124/rxjs@7.8.1/deno/internal/operators/joinAllInternals.js": "e30f4e58d5e9fa3d083195ed6bbd3daa8f8520ff690dfcd0ff3bd62f7f6e9382",
    "https://esm.sh/v124/rxjs@7.8.1/deno/internal/operators/last.js": "454479db52c4dc7a282c4bf529e47dce771087dcc2a365b51525b1bb4e1b0ed2",
    "https://esm.sh/v124/rxjs@7.8.1/deno/internal/operators/map.js": "9bfa1346c8a22dbf7974e640e02b63b81a45018febdeeeb854105be22bba8926",
    "https://esm.sh/v124/rxjs@7.8.1/deno/internal/operators/mapTo.js": "d87188a346386a302e1bf565f7a58936508205a9cef185891c5201da900b4f71",
    "https://esm.sh/v124/rxjs@7.8.1/deno/internal/operators/materialize.js": "c16a5993010c39bf18b2ddc26251d9e3fa61a1e3a2fbade8c6d1a5e161d056e1",
    "https://esm.sh/v124/rxjs@7.8.1/deno/internal/operators/max.js": "ebbc378730ded0a7aabe9c3bd37c7bade1f21aa4a3270406c72b16f4175576fd",
    "https://esm.sh/v124/rxjs@7.8.1/deno/internal/operators/merge.js": "e5a52de0d8bbf521e2d1b2c1e8f6da4933dac8d4f8166908a74d0a0ce36165b4",
    "https://esm.sh/v124/rxjs@7.8.1/deno/internal/operators/mergeAll.js": "a324bbc9b07461c1b287c5e0b03d53700f759f8c17bcd86dfacbff095a84006c",
    "https://esm.sh/v124/rxjs@7.8.1/deno/internal/operators/mergeInternals.js": "2b95b7d5f3040f0c4881dd39618605967decad6fa3b6774e0ba3b7927f6420bf",
    "https://esm.sh/v124/rxjs@7.8.1/deno/internal/operators/mergeMap.js": "4d7d76d904fe6db5e26945d4b1641344b817dded8b6cd83c66a7cb38a9d03ec5",
    "https://esm.sh/v124/rxjs@7.8.1/deno/internal/operators/mergeMapTo.js": "7a5ca3b4f6bef496a7e68ea7a2c455ef586c7cf8ce4e028165d19f9c5fd70cad",
    "https://esm.sh/v124/rxjs@7.8.1/deno/internal/operators/mergeScan.js": "164cf2eda73a71465452592c20c05568cd4eee1a2c2560ba9f49728d02c6774c",
    "https://esm.sh/v124/rxjs@7.8.1/deno/internal/operators/mergeWith.js": "d78b355c93d6fc573f2191eab9b0273102c5e13489b64e7df996bda4d95fb0b6",
    "https://esm.sh/v124/rxjs@7.8.1/deno/internal/operators/min.js": "f52f8e698d59d375cd610d2d6cfc037d854c6e52acee310ff4f2f60f96eb1236",
    "https://esm.sh/v124/rxjs@7.8.1/deno/internal/operators/multicast.js": "ef07f64b60a7812dedd23823be5c0728efa18bd4aca30e539f7500508ecd48cf",
    "https://esm.sh/v124/rxjs@7.8.1/deno/internal/operators/observeOn.js": "43b9e691f8e3731b913cc79f74b55482dc1e7a5358130ac07636f7c37a9077e2",
    "https://esm.sh/v124/rxjs@7.8.1/deno/internal/operators/onErrorResumeNextWith.js": "9b9371307880185d64ee92cc575e23e6872f2e78274f9b13566c10ef57d40828",
    "https://esm.sh/v124/rxjs@7.8.1/deno/internal/operators/pairwise.js": "983ceb077f47d6c2a4306d10068b4b25fb91af615d97d60b65a53e722e52d64f",
    "https://esm.sh/v124/rxjs@7.8.1/deno/internal/operators/pluck.js": "ae7a8bf8f422e78d3288290977044d490b4c8d9250e8889be84ea4e2397128ce",
    "https://esm.sh/v124/rxjs@7.8.1/deno/internal/operators/publish.js": "d8b25ce97a3a82d0c17d762e2b84c091c6a621a823003906f53ba59f070e8676",
    "https://esm.sh/v124/rxjs@7.8.1/deno/internal/operators/publishBehavior.js": "c45752238eee68b2be8a3169ae7dfcecd7df2cd1648d266d9a99abfe246b1d39",
    "https://esm.sh/v124/rxjs@7.8.1/deno/internal/operators/publishLast.js": "f4ec6a1fccbc70ada8ea29d9e21841ee3af12caf2de94dd88f137eabfc524985",
    "https://esm.sh/v124/rxjs@7.8.1/deno/internal/operators/publishReplay.js": "c0f18961f85b6da487c19416ecfa088e795ff2628f37e7f5707f5d3be3a34c52",
    "https://esm.sh/v124/rxjs@7.8.1/deno/internal/operators/raceWith.js": "e755312ebbe3b243597e029ad62811bb3c10b1f628ccdcdcbb918aae47e75817",
    "https://esm.sh/v124/rxjs@7.8.1/deno/internal/operators/reduce.js": "fd7f414192081ff75e7f91871983549b7b68656cce8780df828ab35935e7eb82",
    "https://esm.sh/v124/rxjs@7.8.1/deno/internal/operators/refCount.js": "c806ecf9dc94e46ef9ed229e7ead03165ca51b6e6090dfdd866467174e63daaa",
    "https://esm.sh/v124/rxjs@7.8.1/deno/internal/operators/repeat.js": "48b9776fe2a8139342af6afcf643702e6ef166b2c4d8ec0c81a069db8253778b",
    "https://esm.sh/v124/rxjs@7.8.1/deno/internal/operators/repeatWhen.js": "4c2638a9b63047d1116d0f9400849e645695b3676322d05840be2f72e1dade45",
    "https://esm.sh/v124/rxjs@7.8.1/deno/internal/operators/retry.js": "43aa1136040eadf3f04e4a2c77b5fe561f4d0813cb824b38a25e549f1bb34e8a",
    "https://esm.sh/v124/rxjs@7.8.1/deno/internal/operators/retryWhen.js": "f9d7a029aa01d1a72f3ea033b1102497da6c0bd0cedd19c5e159c33124b92afa",
    "https://esm.sh/v124/rxjs@7.8.1/deno/internal/operators/sample.js": "27f1d27468f6cc31e7e9c3a5daebc296851b7f59bba1c599ed50063727a9fc40",
    "https://esm.sh/v124/rxjs@7.8.1/deno/internal/operators/sampleTime.js": "efc52e5b1c585cf6771fcdcb38a4d7b283fa4dc63b406b6defcdd65a2b4e8bd3",
    "https://esm.sh/v124/rxjs@7.8.1/deno/internal/operators/scan.js": "e229a3d8511d8a241f61c5353a58ae9de0f64aa927d11e7c86fde290f08a3cac",
    "https://esm.sh/v124/rxjs@7.8.1/deno/internal/operators/scanInternals.js": "e8ed02032d55b6e269d4fc1129b48ccce03551070cc7d4e6c2872147f0cea569",
    "https://esm.sh/v124/rxjs@7.8.1/deno/internal/operators/sequenceEqual.js": "946298140d6883d4458a93a213eb4f94b634956e9df3275d1b4106ba2214b95a",
    "https://esm.sh/v124/rxjs@7.8.1/deno/internal/operators/share.js": "534256ef96dca0a248d5111817074a5fd70e72237240e3413757e56c09a3db42",
    "https://esm.sh/v124/rxjs@7.8.1/deno/internal/operators/shareReplay.js": "dd0244db3346d71a37b683c22bb1c644cec6be28b1d78b2a9684ed52b301766e",
    "https://esm.sh/v124/rxjs@7.8.1/deno/internal/operators/single.js": "8aaaea089168912d1b5eeec3e8f9dd02f1f3200dab1ce1de943413f2ec43601b",
    "https://esm.sh/v124/rxjs@7.8.1/deno/internal/operators/skip.js": "ae99dbb230acdfe1d105ebc389212583e880529df37f84e28e28dc822bb1e9aa",
    "https://esm.sh/v124/rxjs@7.8.1/deno/internal/operators/skipLast.js": "82b99602af1902256d4190a519234bf26f5673c5315e4b2acd54c2d97125a1ef",
    "https://esm.sh/v124/rxjs@7.8.1/deno/internal/operators/skipUntil.js": "167c0a487f676144f37ebd675b8bfbd8a03ff26fc23a8973258ddcf1911af629",
    "https://esm.sh/v124/rxjs@7.8.1/deno/internal/operators/skipWhile.js": "45d2099a129464f291807ffed119c00f0633bbc009ede19f8f7fb730faa1dbf4",
    "https://esm.sh/v124/rxjs@7.8.1/deno/internal/operators/startWith.js": "5abb20fcd3bab09e50110fbbd5da9fea7032f7657346383de3a475ab3f0abcac",
    "https://esm.sh/v124/rxjs@7.8.1/deno/internal/operators/subscribeOn.js": "bec2ff673209a6c00ca9261744923fd6dc203f3b899412ff5c2818018d13e769",
    "https://esm.sh/v124/rxjs@7.8.1/deno/internal/operators/switchAll.js": "926238f69ca98f037ddb67936612a0cf7dd4b7c712b31da7bd86e27a48db62a5",
    "https://esm.sh/v124/rxjs@7.8.1/deno/internal/operators/switchMap.js": "d0aeefb953c3d94c5d518beb5ff40dcd25ec054aeea1f3c6f5762b5d68ae2427",
    "https://esm.sh/v124/rxjs@7.8.1/deno/internal/operators/switchMapTo.js": "d2117fdf9c2863ee29dba8e1d3afd275df8782b485f695a39dd3456c1bd779e9",
    "https://esm.sh/v124/rxjs@7.8.1/deno/internal/operators/switchScan.js": "8765ce22c7f5a645906d9e9399f68f2a8883a98860edbe1ef54473776aa50825",
    "https://esm.sh/v124/rxjs@7.8.1/deno/internal/operators/take.js": "1fcbb1b23256dca2bcb2372e6d524716197a621b94053399a9189ead6b5070a8",
    "https://esm.sh/v124/rxjs@7.8.1/deno/internal/operators/takeLast.js": "3d422b58b99709679f68c4c7ee1eb9e9ff5c36460a2c644cea5ff634b537f230",
    "https://esm.sh/v124/rxjs@7.8.1/deno/internal/operators/takeUntil.js": "6535b73363a67568f0adead3f08042788051a9821bd85b6a9a1acf6cd67e4f35",
    "https://esm.sh/v124/rxjs@7.8.1/deno/internal/operators/takeWhile.js": "25bc7b1b769f1dc83a8e2fec40b4e5b84963e89144e863aab591ceafed6d9d3c",
    "https://esm.sh/v124/rxjs@7.8.1/deno/internal/operators/tap.js": "56a4809d7afb6c54345c576d8aa1a10d61e5d5245208ebcc642be6f01b528852",
    "https://esm.sh/v124/rxjs@7.8.1/deno/internal/operators/throttle.js": "cf9c3a7067aaae8df0d9db2787dece536474ce5d020631aa8b92949092fdb104",
    "https://esm.sh/v124/rxjs@7.8.1/deno/internal/operators/throttleTime.js": "78c05b91108bca52f9eac999c66f5ede34d96591df8f296717503d03a64c99cd",
    "https://esm.sh/v124/rxjs@7.8.1/deno/internal/operators/throwIfEmpty.js": "6b327a3a6a2e9e1bde0e14dcc181e07bd9b7901ddaaa3a66f2734e9cd5bfefba",
    "https://esm.sh/v124/rxjs@7.8.1/deno/internal/operators/timeInterval.js": "58786cee3e0892d3d504fe2bebf508dd6b9889eb804364e488f59545d2fb63fd",
    "https://esm.sh/v124/rxjs@7.8.1/deno/internal/operators/timeout.js": "cc38c7079f1b0cfa6a00f166b324cab1ffe82d57406437a0576b9af4e9908b3e",
    "https://esm.sh/v124/rxjs@7.8.1/deno/internal/operators/timeoutWith.js": "6784950bd93450f0a913d49525d8bc2681b54950a276cd216b864b3b3e064a26",
    "https://esm.sh/v124/rxjs@7.8.1/deno/internal/operators/timestamp.js": "4bf408ad43bc541d427941e47030574bbd2547f00e6f86ac78b38c564f9c22ca",
    "https://esm.sh/v124/rxjs@7.8.1/deno/internal/operators/toArray.js": "43c29c7d491bd596e62d556896e2988371a11796b71f436f981ba38345687ed7",
    "https://esm.sh/v124/rxjs@7.8.1/deno/internal/operators/window.js": "bde40bee091590cbb523aedf3054131b30b3195e9c53fadc982da30581f007d3",
    "https://esm.sh/v124/rxjs@7.8.1/deno/internal/operators/windowCount.js": "9ed4e5af26765206c601562ee12dc64262869014511d59cdf796bc4e4e2dbaf0",
    "https://esm.sh/v124/rxjs@7.8.1/deno/internal/operators/windowTime.js": "fb8d7e44ba99c505022a455be0f6ef4d967ea2728b7a48fd86e5587f2d062ac5",
    "https://esm.sh/v124/rxjs@7.8.1/deno/internal/operators/windowToggle.js": "a96bfdf67f00709856f92d952f4898ecc0c64360b65d6195855d1669ecb68963",
    "https://esm.sh/v124/rxjs@7.8.1/deno/internal/operators/windowWhen.js": "b6fa11172dc0621c8c225e6d93620617f4132fc00d2dcb3ae234281cc4aef4b5",
    "https://esm.sh/v124/rxjs@7.8.1/deno/internal/operators/withLatestFrom.js": "141e8c6e039c60f080d25db84413dcc47fa8476c9d36a77339dc1c571dd230f1",
    "https://esm.sh/v124/rxjs@7.8.1/deno/internal/operators/zip.js": "f53e1d718cb16ec84e4643074203629076a4e5eb2cd419feafd88f60f84b6401",
    "https://esm.sh/v124/rxjs@7.8.1/deno/internal/operators/zipAll.js": "ff993e3de6d0eefa113e7c66b5411daa455c76b46a419dd80ee5759929b1c498",
    "https://esm.sh/v124/rxjs@7.8.1/deno/internal/operators/zipWith.js": "2de0ba1215456e7346135a66b38d8a53916944c07831b493f59ae15170fb74d9",
    "https://esm.sh/v124/rxjs@7.8.1/deno/internal/scheduled/scheduleArray.js": "6851a21c9b0960527497ac683efdfafa44e498e2728319353f6118fc48748661",
    "https://esm.sh/v124/rxjs@7.8.1/deno/internal/scheduled/scheduleAsyncIterable.js": "899b09da5cefcff07c5b036e23b1257bde4fc4275956bfb403c387be6327ceef",
    "https://esm.sh/v124/rxjs@7.8.1/deno/internal/scheduled/scheduleIterable.js": "0f3c81128d947f134cb90f9ad477706adc488ee19478e6c64f985c9e1c508a15",
    "https://esm.sh/v124/rxjs@7.8.1/deno/internal/scheduled/scheduleObservable.js": "59e2ed43f25a55bb33951b97753314e6f8671c37cae4cd26c4e0685b46356e53",
    "https://esm.sh/v124/rxjs@7.8.1/deno/internal/scheduled/schedulePromise.js": "2bb84636dde17c65f07a33554cd27b5ce2d318332528d52eae6830e82a907240",
    "https://esm.sh/v124/rxjs@7.8.1/deno/internal/scheduled/scheduleReadableStreamLike.js": "54f53bb0d247239c162eb81ceb975718c8f94aa5b1485b7530cc770da47dedc5",
    "https://esm.sh/v124/rxjs@7.8.1/deno/internal/scheduled/scheduled.js": "b2b04dd65d999aa37e9363129da691c60c3323375444e7e351d7e27db4b0d702",
    "https://esm.sh/v124/rxjs@7.8.1/deno/internal/scheduler/Action.js": "7411c70eece360704a469577323b2f72696904dc37a62500a560ba0cd6fba7b5",
    "https://esm.sh/v124/rxjs@7.8.1/deno/internal/scheduler/AnimationFrameAction.js": "d97b212f3d63f298305046ae621c83f82374855029077af02f6572332a2c741c",
    "https://esm.sh/v124/rxjs@7.8.1/deno/internal/scheduler/AnimationFrameScheduler.js": "d6da909404f6973ecf2b5b51fd5956e3e15a5b8c88b134e652ae5d3406129200",
    "https://esm.sh/v124/rxjs@7.8.1/deno/internal/scheduler/AsapAction.js": "435304daf865dd628b7a8cf62261aef8dc5357090c996ae92aa6dde560e3d33f",
    "https://esm.sh/v124/rxjs@7.8.1/deno/internal/scheduler/AsapScheduler.js": "73c291eb6f2a23161b9930f1539d2bae12fe50659a3131d1bdb939f0e6d8c048",
    "https://esm.sh/v124/rxjs@7.8.1/deno/internal/scheduler/AsyncAction.js": "3ef3aa8e59c5ea91e7a1eb251ae72fb511cd8ec3a060dd2ebb7f0331e3ab128c",
    "https://esm.sh/v124/rxjs@7.8.1/deno/internal/scheduler/AsyncScheduler.js": "2328f468200c05eb1fd4c38c3de26ec28339e88ece12557dd8c63259027caa8d",
    "https://esm.sh/v124/rxjs@7.8.1/deno/internal/scheduler/QueueAction.js": "f6029d437318cc8c2a3e3b0b2507e947a1bf41f9da337ea358adf0010c5ed4e0",
    "https://esm.sh/v124/rxjs@7.8.1/deno/internal/scheduler/QueueScheduler.js": "d58f717293fa12ed3307fd7b80038ba05144f13894d9f455820af0d1c9f4d7e4",
    "https://esm.sh/v124/rxjs@7.8.1/deno/internal/scheduler/VirtualTimeScheduler.js": "b018c12433a3013aaf2faaa37f4b9c4ec9e879c2d27b415644ec092d26f561e3",
    "https://esm.sh/v124/rxjs@7.8.1/deno/internal/scheduler/animationFrame.js": "1f8383786ad1cbc1768e57ecc9b4406828535f73ac37b5dc178a253a3fabf886",
    "https://esm.sh/v124/rxjs@7.8.1/deno/internal/scheduler/animationFrameProvider.js": "36286eb24b0d87b892fc069fac4ede5e88a5274b2b652a245d7c1b0787b7ce94",
    "https://esm.sh/v124/rxjs@7.8.1/deno/internal/scheduler/asap.js": "3eebad094100fa3f676de3e2e4266bc318cc615a240ba91529a531ca7f0c0d94",
    "https://esm.sh/v124/rxjs@7.8.1/deno/internal/scheduler/async.js": "3fb43bb65f8228218a61b70ab8e8b1e40fef2c993a5f9bc39a9f3a1f228668dd",
    "https://esm.sh/v124/rxjs@7.8.1/deno/internal/scheduler/dateTimestampProvider.js": "5c306bfc83f4f5cca71fb1aa7fc81582f2599308112a5e0f3deb4a283c3280ef",
    "https://esm.sh/v124/rxjs@7.8.1/deno/internal/scheduler/immediateProvider.js": "5490f07e4e978bf1587e22a208ffb5531315268761b574e4e27a4bc73015287c",
    "https://esm.sh/v124/rxjs@7.8.1/deno/internal/scheduler/intervalProvider.js": "642c073469db3f28cba5d6002e988377955a7e5148729bd4e0267fd301d878e3",
    "https://esm.sh/v124/rxjs@7.8.1/deno/internal/scheduler/performanceTimestampProvider.js": "90240efdf48108242f7fd7e33e84713d1783a6377b8fc7bf6bf770302a0c385d",
    "https://esm.sh/v124/rxjs@7.8.1/deno/internal/scheduler/queue.js": "ac23c511d6dc6c7fb18bb687b5271e26a8f609e5c82d663aab45ffbb1a7ce3fc",
    "https://esm.sh/v124/rxjs@7.8.1/deno/internal/scheduler/timeoutProvider.js": "d0d93e8f36e185441f4a05c83b997feadf908d3ed803ae4c8b3245e5095379fe",
    "https://esm.sh/v124/rxjs@7.8.1/deno/internal/symbol/iterator.js": "d5fd818f55d4f505801f8ba2cde15214118168654f5721ebe7e53eca09c0249d",
    "https://esm.sh/v124/rxjs@7.8.1/deno/internal/symbol/observable.js": "8cc91009a11f343ab0d7ef59ae67b0f47b4873e0d465414ae24284fe42f42dab",
    "https://esm.sh/v124/rxjs@7.8.1/deno/internal/types.js": "97e30d4150e308051a1bf0bf12b36ff09b71d0374605f655cfe74f31b5791dfb",
    "https://esm.sh/v124/rxjs@7.8.1/deno/internal/util/ArgumentOutOfRangeError.js": "909b39b3979305b846bb7700b1063ff11067c105723ccd9f54e7bdb7a1474e3a",
    "https://esm.sh/v124/rxjs@7.8.1/deno/internal/util/EmptyError.js": "f594caf3dafd31964c2a75b1e1ac3e498eb197ea7fdf74f51628b00e08cc045f",
    "https://esm.sh/v124/rxjs@7.8.1/deno/internal/util/Immediate.js": "81e4184827fbbdd4f9c485ef77e9b0193c0fb87c0e0350930cf77764351ef676",
    "https://esm.sh/v124/rxjs@7.8.1/deno/internal/util/NotFoundError.js": "124ea418b167fc2d55c66e3b20d930ae7e1a22639fd8e9649dcda7d51301a712",
    "https://esm.sh/v124/rxjs@7.8.1/deno/internal/util/ObjectUnsubscribedError.js": "7574eeef33bdfd60cf3a82f494b752f2e62bb9a3e6fa63ebaf84378786812bd4",
    "https://esm.sh/v124/rxjs@7.8.1/deno/internal/util/SequenceError.js": "ff49c3130e02a7cc39dfeb265d38af3bee70d4136f34b87297acf77fe2ee2f7e",
    "https://esm.sh/v124/rxjs@7.8.1/deno/internal/util/UnsubscriptionError.js": "b5dd2de76076617a5256fafe0594ec8abea0ba435caf0b3da432efe952ce1b89",
    "https://esm.sh/v124/rxjs@7.8.1/deno/internal/util/args.js": "3f597e09e9f383cc301cb3bd7c9b6ba080f030fe79c278cf36a47b60b6d60b46",
    "https://esm.sh/v124/rxjs@7.8.1/deno/internal/util/argsArgArrayOrObject.js": "87b764bef698dbd3a96af0f1f03a09f7a4df592a13c2e7b27a62755936a2a183",
    "https://esm.sh/v124/rxjs@7.8.1/deno/internal/util/argsOrArgArray.js": "d4a6f36cc2fbf29cc362601d4a6abb326dd7b1b47d5bc047d16f965b571d26c3",
    "https://esm.sh/v124/rxjs@7.8.1/deno/internal/util/arrRemove.js": "3fddb7c8ac835f9b281b13477c0d71a2f904252ecda063646cd8a6ba57f64d52",
    "https://esm.sh/v124/rxjs@7.8.1/deno/internal/util/createErrorClass.js": "fac3beb94bb1888f64e7374902488a45a64f6cb28f9b4265a45ddbe15b3e6ee6",
    "https://esm.sh/v124/rxjs@7.8.1/deno/internal/util/createObject.js": "0a1dc7df2d807e49d6a82f41553e63ead061da8548e166040fac9d55739de20f",
    "https://esm.sh/v124/rxjs@7.8.1/deno/internal/util/errorContext.js": "d9c005525f359d0fd37d640777033e9dcffa4767ab1452e053522ea6045e69a7",
    "https://esm.sh/v124/rxjs@7.8.1/deno/internal/util/executeSchedule.js": "80c5c1ab2b0018ff0b1ea0e10b790efc3dd9dc59dbe892f4f8a138fca8217c61",
    "https://esm.sh/v124/rxjs@7.8.1/deno/internal/util/identity.js": "b56b23bd13e283768232fb6d49a8d7cae19dcabf096d821b74caca0b3cf3c705",
    "https://esm.sh/v124/rxjs@7.8.1/deno/internal/util/isArrayLike.js": "ee21305b0da3fcd61f567bc9994b36fa2eebbc57f240cf4c1d707910be68016a",
    "https://esm.sh/v124/rxjs@7.8.1/deno/internal/util/isAsyncIterable.js": "a77753c739640a0f9640ddb9b4678b0fa749a31b2eaaff99d80a9ae4561fdfde",
    "https://esm.sh/v124/rxjs@7.8.1/deno/internal/util/isDate.js": "f1f6d7d58974e566333aa8608fcf87e476e204212fff5df1b1413cdc8bc68f06",
    "https://esm.sh/v124/rxjs@7.8.1/deno/internal/util/isFunction.js": "cd4b5294a7ca4bc5f3f804f336c2f7205a6dbd83d543d475b8d1c64d1e5f128a",
    "https://esm.sh/v124/rxjs@7.8.1/deno/internal/util/isInteropObservable.js": "76044f4e2d10125af7ee9ae37c5df569870fd582319b05dbd15396a62fd5269c",
    "https://esm.sh/v124/rxjs@7.8.1/deno/internal/util/isIterable.js": "b9bb3ec49e9c0f2db4ca9168eb93714005b4bb99c0bda397a97d5495cc864443",
    "https://esm.sh/v124/rxjs@7.8.1/deno/internal/util/isObservable.js": "8138ecdbd472f14d91647349e68ee591421347d398e5bbbe42cbbc7b8ceecb44",
    "https://esm.sh/v124/rxjs@7.8.1/deno/internal/util/isPromise.js": "4bd364237859e4a2ed48fdfaae870f4ab86470c29d30dfa3d1b588c6634223b6",
    "https://esm.sh/v124/rxjs@7.8.1/deno/internal/util/isReadableStreamLike.js": "c6e5051ab0a4c48efe75e23ba5062718b42e06bd44fffe75d1ee9af24637fb57",
    "https://esm.sh/v124/rxjs@7.8.1/deno/internal/util/isScheduler.js": "92d695f07e1292b995a8c2614c2b89566d5bde914972f60cb8b06f63513599e5",
    "https://esm.sh/v124/rxjs@7.8.1/deno/internal/util/lift.js": "9821dd7ab983773e642616d8e6247e6187ffac0efc93290f5fce61789b6615e8",
    "https://esm.sh/v124/rxjs@7.8.1/deno/internal/util/mapOneOrManyArgs.js": "4b253c4dc9c31d25d0e6b9f14737b230aef9b2b199243c9758f617e4e702d87a",
    "https://esm.sh/v124/rxjs@7.8.1/deno/internal/util/noop.js": "3b893ea33322341cd0c7059e69aae37b2b37fab6fa8337ad7bcaec5330c779ca",
    "https://esm.sh/v124/rxjs@7.8.1/deno/internal/util/not.js": "88bc9e8581a60f563f5636ac595fb115620040cddbe952a636ceaad0e70f541b",
    "https://esm.sh/v124/rxjs@7.8.1/deno/internal/util/pipe.js": "614fdef6b5309cf52afc6a19ef91db10c73f5434c74b04b33da5cabcf6d11f77",
    "https://esm.sh/v124/rxjs@7.8.1/deno/internal/util/reportUnhandledError.js": "0d29d7f408f34fb3ad142d909f547c6df6577f053f574d794c1374ee7974f67e",
    "https://esm.sh/v124/rxjs@7.8.1/deno/internal/util/throwUnobservableError.js": "1b04815421af3c0978a5696e1835659fce12fed29b23633d9957cc22ae172d80",
    "https://esm.sh/v124/rxjs@7.8.1/deno/rxjs.mjs": "c5fcc9b60aa0c23420f5a708e799f926ac0dd37bb7a25bd1e9619102f33dc9f4",
    "https://esm.sh/v124/tslib@2.5.0/deno/tslib.mjs": "f04d5fa38e02562a349111a358c5c13e5d16ee8d072c3a4348e313e344da53e0"
  }
}
